%{
  "artificery": {:hex, :artificery, "0.4.2", "3ded6e29e13113af52811c72f414d1e88f711410cac1b619ab3a2666bbd7efd4", [:mix], [], "hexpm"},
  "base64url": {:hex, :base64url, "0.0.1", "36a90125f5948e3afd7be97662a1504b934dd5dac78451ca6e9abf85a10286be", [:rebar], [], "hexpm"},
  "certifi": {:hex, :certifi, "2.5.1", "867ce347f7c7d78563450a18a6a28a8090331e77fa02380b4a21962a65d36ee5", [:rebar3], [{:parse_trans, "~>3.3", [hex: :parse_trans, repo: "hexpm", optional: false]}], "hexpm"},
  "combine": {:hex, :combine, "0.10.0", "eff8224eeb56498a2af13011d142c5e7997a80c8f5b97c499f84c841032e429f", [:mix], [], "hexpm"},
  "confex": {:hex, :confex, "3.4.0", "8b1c3cc7a93320291abb31223a178df19d7f722ee816c05a8070c8c9a054560d", [:mix], [], "hexpm"},
  "connection": {:hex, :connection, "1.0.4", "a1cae72211f0eef17705aaededacac3eb30e6625b04a6117c1b2db6ace7d5976", [:mix], [], "hexpm"},
  "cowboy": {:hex, :cowboy, "2.7.0", "91ed100138a764355f43316b1d23d7ff6bdb0de4ea618cb5d8677c93a7a2f115", [:rebar3], [{:cowlib, "~> 2.8.0", [hex: :cowlib, repo: "hexpm", optional: false]}, {:ranch, "~> 1.7.1", [hex: :ranch, repo: "hexpm", optional: false]}], "hexpm"},
  "cowlib": {:hex, :cowlib, "2.8.0", "fd0ff1787db84ac415b8211573e9a30a3ebe71b5cbff7f720089972b2319c8a4", [:rebar3], [], "hexpm"},
  "db_connection": {:hex, :db_connection, "2.2.0", "e923e88887cd60f9891fd324ac5e0290954511d090553c415fbf54be4c57ee63", [:mix], [{:connection, "~> 1.0.2", [hex: :connection, repo: "hexpm", optional: false]}], "hexpm"},
  "decimal": {:hex, :decimal, "1.8.1", "a4ef3f5f3428bdbc0d35374029ffcf4ede8533536fa79896dd450168d9acdf3c", [:mix], [], "hexpm"},
  "dialyxir": {:hex, :dialyxir, "1.0.0-rc.7", "6287f8f2cb45df8584317a4be1075b8c9b8a69de8eeb82b4d9e6c761cf2664cd", [:mix], [{:erlex, ">= 0.2.5", [hex: :erlex, repo: "hexpm", optional: false]}], "hexpm"},
  "distillery": {:hex, :distillery, "2.1.1", "f9332afc2eec8a1a2b86f22429e068ef35f84a93ea1718265e740d90dd367814", [:mix], [{:artificery, "~> 0.2", [hex: :artificery, repo: "hexpm", optional: false]}], "hexpm"},
  "dotenv": {:hex, :dotenv, "3.0.0", "52a28976955070d8312a81d59105b57ecf5d6a755c728b49c70a7e2120e6cb40", [:mix], [], "hexpm"},
  "ecto": {:hex, :ecto, "3.3.0", "9193e261d25c1814324d0b3304fccbadab840b286d270c3b75dfd28c30a3ae15", [:mix], [{:decimal, "~> 1.6", [hex: :decimal, repo: "hexpm", optional: false]}, {:jason, "~> 1.0", [hex: :jason, repo: "hexpm", optional: true]}], "hexpm"},
  "ecto_sql": {:hex, :ecto_sql, "3.3.2", "92804e0de69bb63e621273c3492252cb08a29475c05d40eeb6f41ad2d483cfd3", [:mix], [{:db_connection, "~> 2.2", [hex: :db_connection, repo: "hexpm", optional: false]}, {:ecto, "~> 3.3", [hex: :ecto, repo: "hexpm", optional: false]}, {:myxql, "~> 0.3.0", [hex: :myxql, repo: "hexpm", optional: true]}, {:postgrex, "~> 0.15.0", [hex: :postgrex, repo: "hexpm", optional: true]}, {:telemetry, "~> 0.4.0", [hex: :telemetry, repo: "hexpm", optional: false]}], "hexpm"},
  "enumerati": {:hex, :enumerati, "0.0.5", "58043e8a292d1c0a255b73cee8593a08160fbdd8aa57395da1adf98095b38e87", [:mix], [{:decimal, "~> 1.6", [hex: :decimal, repo: "hexpm", optional: false]}], "hexpm"},
  "erlex": {:hex, :erlex, "0.2.5", "e51132f2f472e13d606d808f0574508eeea2030d487fc002b46ad97e738b0510", [:mix], [], "hexpm"},
  "ex_binance": {:hex, :ex_binance, "0.0.4", "fe174fabe8251c16fa368b69da2df026433f9cb6112cd683f5ae4f770c7d833a", [:mix], [{:exconstructor, "~> 1.1.0", [hex: :exconstructor, repo: "hexpm", optional: false]}, {:httpoison, "~> 1.0", [hex: :httpoison, repo: "hexpm", optional: false]}, {:jason, "~> 1.1", [hex: :jason, repo: "hexpm", optional: false]}], "hexpm"},
  "ex_bitmex": {:hex, :ex_bitmex, "0.4.0", "a54a48d8170ae40ea29d722b9ef4687c66cf92fd8aa05e4eec8ee79444111d70", [:mix], [{:httpoison, "~> 1.0", [hex: :httpoison, repo: "hexpm", optional: false]}, {:jason, "~> 1.1", [hex: :jason, repo: "hexpm", optional: false]}, {:mapail, "~> 1.0", [hex: :mapail, repo: "hexpm", optional: false]}, {:websockex, "~> 0.4", [hex: :websockex, repo: "hexpm", optional: false]}], "hexpm"},
  "ex_gdax": {:hex, :ex_gdax, "0.1.6", "4bd3bdb3058282f1445e98e43ecacf65ae5502b637fd539351a6d4c42e16ca12", [:mix], [{:httpoison, "~> 1.0", [hex: :httpoison, repo: "hexpm", optional: false]}, {:poison, "~> 4.0", [hex: :poison, repo: "hexpm", optional: false]}], "hexpm"},
  "ex_okex": {:hex, :ex_okex, "0.3.0", "dd9dffd5bfe2856b6a111fb60b17cc3b39e847a751dd0bd5d00c9966b184be70", [:mix], [{:httpoison, "~> 1.0", [hex: :httpoison, repo: "hexpm", optional: false]}, {:jason, "~> 1.1", [hex: :jason, repo: "hexpm", optional: false]}, {:mapail, "~> 1.0", [hex: :mapail, repo: "hexpm", optional: false]}, {:websockex, "~> 0.4.0", [hex: :websockex, repo: "hexpm", optional: false]}], "hexpm"},
  "ex_poloniex": {:hex, :ex_poloniex, "0.0.4", "c40555b1c0f4cde22b40013a91d065208e701604d614a7c0861cda1b99424f97", [:mix], [{:httpoison, "~> 1.1", [hex: :httpoison, repo: "hexpm", optional: false]}, {:timex, "~> 3.1", [hex: :timex, repo: "hexpm", optional: false]}], "hexpm"},
  "exconstructor": {:hex, :exconstructor, "1.1.0", "272623a7b203cb2901c20cbb92c5c3ab103cc0087ff7c881979e046043346752", [:mix], [], "hexpm"},
  "file_system": {:hex, :file_system, "0.2.7", "e6f7f155970975789f26e77b8b8d8ab084c59844d8ecfaf58cbda31c494d14aa", [:mix], [], "hexpm"},
  "floki": {:hex, :floki, "0.23.1", "e100306ce7d8841d70a559748e5091542e2cfc67ffb3ade92b89a8435034dab1", [:mix], [{:html_entities, "~> 0.5.0", [hex: :html_entities, repo: "hexpm", optional: false]}], "hexpm"},
  "gettext": {:hex, :gettext, "0.17.1", "8baab33482df4907b3eae22f719da492cee3981a26e649b9c2be1c0192616962", [:mix], [], "hexpm"},
  "guardian": {:hex, :guardian, "2.0.0", "5d3e537832b7cf35c8674da92457b7be671666a2eff4bf0f2ccfcfb3a8c67a0b", [:mix], [{:jose, "~> 1.8", [hex: :jose, repo: "hexpm", optional: false]}, {:plug, "~> 1.3.3 or ~> 1.4", [hex: :plug, repo: "hexpm", optional: true]}], "hexpm"},
  "hackney": {:hex, :hackney, "1.15.2", "07e33c794f8f8964ee86cebec1a8ed88db5070e52e904b8f12209773c1036085", [:rebar3], [{:certifi, "2.5.1", [hex: :certifi, repo: "hexpm", optional: false]}, {:idna, "6.0.0", [hex: :idna, repo: "hexpm", optional: false]}, {:metrics, "1.0.1", [hex: :metrics, repo: "hexpm", optional: false]}, {:mimerl, "~>1.1", [hex: :mimerl, repo: "hexpm", optional: false]}, {:ssl_verify_fun, "1.1.5", [hex: :ssl_verify_fun, repo: "hexpm", optional: false]}], "hexpm"},
  "html_entities": {:hex, :html_entities, "0.5.0", "40f5c5b9cbe23073b48a4e69c67b6c11974f623a76165e2b92d098c0e88ccb1d", [:mix], [], "hexpm"},
  "httpoison": {:hex, :httpoison, "1.6.2", "ace7c8d3a361cebccbed19c283c349b3d26991eff73a1eaaa8abae2e3c8089b6", [:mix], [{:hackney, "~> 1.15 and >= 1.15.2", [hex: :hackney, repo: "hexpm", optional: false]}], "hexpm"},
  "idna": {:hex, :idna, "6.0.0", "689c46cbcdf3524c44d5f3dde8001f364cd7608a99556d8fbd8239a5798d4c10", [:rebar3], [{:unicode_util_compat, "0.4.1", [hex: :unicode_util_compat, repo: "hexpm", optional: false]}], "hexpm"},
  "jason": {:hex, :jason, "1.1.2", "b03dedea67a99223a2eaf9f1264ce37154564de899fd3d8b9a21b1a6fd64afe7", [:mix], [{:decimal, "~> 1.0", [hex: :decimal, repo: "hexpm", optional: true]}], "hexpm"},
  "jose": {:hex, :jose, "1.9.0", "4167c5f6d06ffaebffd15cdb8da61a108445ef5e85ab8f5a7ad926fdf3ada154", [:mix, :rebar3], [{:base64url, "~> 0.0.1", [hex: :base64url, repo: "hexpm", optional: false]}], "hexpm"},
  "juice": {:hex, :juice, "0.0.3", "a7cb03a05ecd860eef19864e6a3c1776f0e6611eec589ee812911868a4ea6874", [:mix], [], "hexpm"},
  "logger_file_backend_with_formatters": {:hex, :logger_file_backend_with_formatters, "0.0.1", "4a7b25c086981c09f8d14846869f992029686ae65a32aefc18712a822582f822", [:mix], [], "hexpm"},
  "logger_file_backend_with_formatters_stackdriver": {:hex, :logger_file_backend_with_formatters_stackdriver, "0.0.4", "0daf097bb26c753e3de0402792091f2c57213aac0ae20e17b34acf09ad9f0e3e", [:mix], [{:jason, "~> 1.1", [hex: :jason, repo: "hexpm", optional: false]}, {:logger_file_backend_with_formatters, "~> 0.0.1", [hex: :logger_file_backend_with_formatters, repo: "hexpm", optional: false]}, {:timex, "~> 3.5", [hex: :timex, repo: "hexpm", optional: false]}], "hexpm"},
  "logger_json": {:hex, :logger_json, "3.2.0", "4323af6a068e8794c697270541a7af28b8f1ca39a7e1475711b0abd34fa8a83f", [:mix], [{:ecto, "~> 2.1 or ~> 3.0", [hex: :ecto, repo: "hexpm", optional: true]}, {:jason, "~> 1.0", [hex: :jason, repo: "hexpm", optional: false]}, {:plug, "~> 1.0", [hex: :plug, repo: "hexpm", optional: true]}, {:telemetry, "~> 0.4.0", [hex: :telemetry, repo: "hexpm", optional: true]}], "hexpm"},
  "mapail": {:hex, :mapail, "1.0.2", "45d0bc390b965f21b80c02e8fb2279f9bcc57cf5c78f964ef63113317d6944d1", [:mix], [{:maptu, "~> 1.0.0", [hex: :maptu, repo: "hexpm", optional: false]}], "hexpm"},
  "maptu": {:hex, :maptu, "1.0.0", "3f1915d3241a733f46a39e935bed369faaf4ff69182b95ea58e9ad1b065c3b11", [:mix], [], "hexpm"},
  "meck": {:hex, :meck, "0.8.13", "ffedb39f99b0b99703b8601c6f17c7f76313ee12de6b646e671e3188401f7866", [:rebar3], [], "hexpm"},
  "metrics": {:hex, :metrics, "1.0.1", "25f094dea2cda98213cecc3aeff09e940299d950904393b2a29d191c346a8486", [:rebar3], [], "hexpm"},
  "mime": {:hex, :mime, "1.3.1", "30ce04ab3175b6ad0bdce0035cba77bba68b813d523d1aac73d9781b4d193cf8", [:mix], [], "hexpm"},
  "mimerl": {:hex, :mimerl, "1.2.0", "67e2d3f571088d5cfd3e550c383094b47159f3eee8ffa08e64106cdf5e981be3", [:rebar3], [], "hexpm"},
  "mock": {:hex, :mock, "0.3.4", "c5862eb3b8c64237f45f586cf00c9d892ba07bb48305a43319d428ce3c2897dd", [:mix], [{:meck, "~> 0.8.13", [hex: :meck, repo: "hexpm", optional: false]}], "hexpm"},
  "number": {:hex, :number, "1.0.1", "a1017dc867a9860b0c261bf9f3ac4990f64589dbbe50260724190c78a0b92104", [:mix], [{:decimal, "~> 1.5", [hex: :decimal, repo: "hexpm", optional: false]}], "hexpm"},
  "oauth2": {:hex, :oauth2, "2.0.0", "338382079fe16c514420fa218b0903f8ad2d4bfc0ad0c9f988867dfa246731b0", [:mix], [{:hackney, "~> 1.13", [hex: :hackney, repo: "hexpm", optional: false]}], "hexpm"},
  "optimus": {:hex, :optimus, "0.1.9", "a3911b44722cdf37e9fd67142f8eecab474e81c05424b43ba8dcf319b37f252a", [:mix], [{:yamerl, "~> 0.6", [hex: :yamerl, repo: "hexpm", optional: false]}], "hexpm"},
  "parse_trans": {:hex, :parse_trans, "3.3.0", "09765507a3c7590a784615cfd421d101aec25098d50b89d7aa1d66646bc571c1", [:rebar3], [], "hexpm"},
  "phoenix": {:hex, :phoenix, "1.4.11", "d112c862f6959f98e6e915c3b76c7a87ca3efd075850c8daa7c3c7a609014b0d", [:mix], [{:jason, "~> 1.0", [hex: :jason, repo: "hexpm", optional: true]}, {:phoenix_pubsub, "~> 1.1", [hex: :phoenix_pubsub, repo: "hexpm", optional: false]}, {:plug, "~> 1.8.1 or ~> 1.9", [hex: :plug, repo: "hexpm", optional: false]}, {:plug_cowboy, "~> 1.0 or ~> 2.0", [hex: :plug_cowboy, repo: "hexpm", optional: true]}, {:telemetry, "~> 0.4", [hex: :telemetry, repo: "hexpm", optional: false]}], "hexpm"},
  "phoenix_active_link": {:hex, :phoenix_active_link, "0.3.0", "7c04e68aec9ea545fb2c3bba9d30518c84b7bd6c366c8c8df7b2e7c0ee0f6768", [:mix], [{:phoenix_html, "~> 2.10", [hex: :phoenix_html, repo: "hexpm", optional: false]}], "hexpm"},
  "phoenix_ecto": {:hex, :phoenix_ecto, "4.1.0", "a044d0756d0464c5a541b4a0bf4bcaf89bffcaf92468862408290682c73ae50d", [:mix], [{:ecto, "~> 3.0", [hex: :ecto, repo: "hexpm", optional: false]}, {:phoenix_html, "~> 2.9", [hex: :phoenix_html, repo: "hexpm", optional: true]}, {:plug, "~> 1.0", [hex: :plug, repo: "hexpm", optional: false]}], "hexpm"},
  "phoenix_html": {:hex, :phoenix_html, "2.13.3", "850e292ff6e204257f5f9c4c54a8cb1f6fbc16ed53d360c2b780a3d0ba333867", [:mix], [{:plug, "~> 1.5", [hex: :plug, repo: "hexpm", optional: false]}], "hexpm"},
  "phoenix_live_reload": {:hex, :phoenix_live_reload, "1.2.1", "274a4b07c4adbdd7785d45a8b0bb57634d0b4f45b18d2c508b26c0344bd59b8f", [:mix], [{:file_system, "~> 0.2.1 or ~> 0.3", [hex: :file_system, repo: "hexpm", optional: false]}, {:phoenix, "~> 1.4", [hex: :phoenix, repo: "hexpm", optional: false]}], "hexpm"},
  "phoenix_live_view": {:hex, :phoenix_live_view, "0.4.1", "17e04bd09873c64d8d8e9b8322fee1911044af3d5b2ec5e54fa5c06fbe35c4e6", [:mix], [{:jason, "~> 1.0", [hex: :jason, repo: "hexpm", optional: true]}, {:phoenix, "~> 1.4.9", [hex: :phoenix, repo: "hexpm", optional: false]}, {:phoenix_html, "~> 2.13.2", [hex: :phoenix_html, repo: "hexpm", optional: false]}], "hexpm"},
  "phoenix_pubsub": {:hex, :phoenix_pubsub, "1.1.2", "496c303bdf1b2e98a9d26e89af5bba3ab487ba3a3735f74bf1f4064d2a845a3e", [:mix], [], "hexpm"},
  "plug": {:hex, :plug, "1.8.3", "12d5f9796dc72e8ac9614e94bda5e51c4c028d0d428e9297650d09e15a684478", [:mix], [{:mime, "~> 1.0", [hex: :mime, repo: "hexpm", optional: false]}, {:plug_crypto, "~> 1.0", [hex: :plug_crypto, repo: "hexpm", optional: false]}, {:telemetry, "~> 0.4", [hex: :telemetry, repo: "hexpm", optional: true]}], "hexpm"},
  "plug_cowboy": {:hex, :plug_cowboy, "2.1.0", "b75768153c3a8a9e8039d4b25bb9b14efbc58e9c4a6e6a270abff1cd30cbe320", [:mix], [{:cowboy, "~> 2.5", [hex: :cowboy, repo: "hexpm", optional: false]}, {:plug, "~> 1.7", [hex: :plug, repo: "hexpm", optional: false]}], "hexpm"},
  "plug_crypto": {:hex, :plug_crypto, "1.0.0", "18e49317d3fa343f24620ed22795ec29d4a5e602d52d1513ccea0b07d8ea7d4d", [:mix], [], "hexpm"},
  "poison": {:hex, :poison, "4.0.1", "bcb755a16fac91cad79bfe9fc3585bb07b9331e50cfe3420a24bcc2d735709ae", [:mix], [], "hexpm"},
  "postgrex": {:hex, :postgrex, "0.15.3", "5806baa8a19a68c4d07c7a624ccdb9b57e89cbc573f1b98099e3741214746ae4", [:mix], [{:connection, "~> 1.0", [hex: :connection, repo: "hexpm", optional: false]}, {:db_connection, "~> 2.1", [hex: :db_connection, repo: "hexpm", optional: false]}, {:decimal, "~> 1.5", [hex: :decimal, repo: "hexpm", optional: false]}, {:jason, "~> 1.0", [hex: :jason, repo: "hexpm", optional: true]}], "hexpm"},
  "ranch": {:hex, :ranch, "1.7.1", "6b1fab51b49196860b733a49c07604465a47bdb78aa10c1c16a3d199f7f8c881", [:rebar3], [], "hexpm"},
  "ssl_verify_fun": {:hex, :ssl_verify_fun, "1.1.5", "6eaf7ad16cb568bb01753dbbd7a95ff8b91c7979482b95f38443fe2c8852a79b", [:make, :mix, :rebar3], [], "hexpm"},
  "stored": {:hex, :stored, "0.0.3", "8789a154f7045038afda7d4d8263c9a37f5394c80f4b21f8c09cae886b69697e", [:mix], [], "hexpm"},
  "table_rex": {:hex, :table_rex, "2.0.0", "712783cbc2decb4d644d2ab8ad9315294f960c41b2cf0539308164922e352084", [:mix], [], "hexpm"},
  "tai": {:hex, :tai, "0.0.46", "f92d75a82417165c813b44625d7db39b7cb1f0435eb21c75dce2085e4abd5a7b", [:mix], [{:confex, "~> 3.4", [hex: :confex, repo: "hexpm", optional: false]}, {:decimal, "~> 1.7", [hex: :decimal, repo: "hexpm", optional: false]}, {:ecto, "~> 3.1", [hex: :ecto, repo: "hexpm", optional: false]}, {:enumerati, "~> 0.0.3", [hex: :enumerati, repo: "hexpm", optional: false]}, {:ex_binance, "~> 0.0.4", [hex: :ex_binance, repo: "hexpm", optional: false]}, {:ex_bitmex, "~> 0.4", [hex: :ex_bitmex, repo: "hexpm", optional: false]}, {:ex_gdax, "~> 0.1.6", [hex: :ex_gdax, repo: "hexpm", optional: false]}, {:ex_okex, "~> 0.3", [hex: :ex_okex, repo: "hexpm", optional: false]}, {:httpoison, "~> 1.0", [hex: :httpoison, repo: "hexpm", optional: false]}, {:jason, "~> 1.1", [hex: :jason, repo: "hexpm", optional: false]}, {:juice, "~> 0.0.3", [hex: :juice, repo: "hexpm", optional: false]}, {:stored, "~> 0.0.2", [hex: :stored, repo: "hexpm", optional: false]}, {:table_rex, "~> 2.0", [hex: :table_rex, repo: "hexpm", optional: false]}, {:timex, "~> 3.6", [hex: :timex, repo: "hexpm", optional: false]}, {:vex, "~> 0.7", [hex: :vex, repo: "hexpm", optional: false]}, {:websockex, "~> 0.4", [hex: :websockex, repo: "hexpm", optional: false]}], "hexpm"},
  "telemetry": {:hex, :telemetry, "0.4.1", "ae2718484892448a24470e6aa341bc847c3277bfb8d4e9289f7474d752c09c7f", [:rebar3], [], "hexpm"},
  "timex": {:hex, :timex, "3.6.1", "efdf56d0e67a6b956cc57774353b0329c8ab7726766a11547e529357ffdc1d56", [:mix], [{:combine, "~> 0.10", [hex: :combine, repo: "hexpm", optional: false]}, {:gettext, "~> 0.10", [hex: :gettext, repo: "hexpm", optional: false]}, {:tzdata, "~> 0.1.8 or ~> 0.5 or ~> 1.0.0", [hex: :tzdata, repo: "hexpm", optional: false]}], "hexpm"},
  "tzdata": {:hex, :tzdata, "1.0.3", "73470ad29dde46e350c60a66e6b360d3b99d2d18b74c4c349dbebbc27a09a3eb", [:mix], [{:hackney, "~> 1.0", [hex: :hackney, repo: "hexpm", optional: false]}], "hexpm"},
  "ueberauth": {:hex, :ueberauth, "0.6.2", "25a31111249d60bad8b65438b2306a4dc91f3208faa62f5a8c33e8713989b2e8", [:mix], [{:plug, "~> 1.5", [hex: :plug, repo: "hexpm", optional: false]}], "hexpm"},
  "ueberauth_google": {:hex, :ueberauth_google, "0.9.0", "e098e1d6df647696b858b0289eae7e4dc8c662abee9e309d64bc115192c51bf5", [:mix], [{:oauth2, "~> 1.0 or ~> 2.0", [hex: :oauth2, repo: "hexpm", optional: false]}, {:ueberauth, "~> 0.6.0", [hex: :ueberauth, repo: "hexpm", optional: false]}], "hexpm"},
  "unicode_util_compat": {:hex, :unicode_util_compat, "0.4.1", "d869e4c68901dd9531385bb0c8c40444ebf624e60b6962d95952775cac5e90cd", [:rebar3], [], "hexpm"},
  "vex": {:hex, :vex, "0.8.0", "0a04e3aebe5ec443525c88f3833b4481d97de272f891243b62b18efbda85b121", [:mix], [], "hexpm"},
  "websockex": {:hex, :websockex, "0.4.2", "9a3b7dc25655517ecd3f8ff7109a77fce94956096b942836cdcfbc7c86603ecc", [:mix], [], "hexpm"},
  "wrap": {:hex, :wrap, "0.0.7", "8846fa9f55e796dc39998df4a87d840183a3847b9962d47c433f7532c417588e", [:mix], [{:distillery, "~> 2.0", [hex: :distillery, repo: "hexpm", optional: false]}, {:jason, "~> 1.1", [hex: :jason, repo: "hexpm", optional: false]}, {:juice, "~> 0.0.3", [hex: :juice, repo: "hexpm", optional: false]}, {:mapail, "~> 1.0", [hex: :mapail, repo: "hexpm", optional: false]}, {:optimus, "~> 0.1.0", [hex: :optimus, repo: "hexpm", optional: false]}], "hexpm"},
  "yamerl": {:hex, :yamerl, "0.7.0", "e51dba652dce74c20a88294130b48051ebbbb0be7d76f22de064f0f3ccf0aaf5", [:rebar3], [], "hexpm"},
}
